// !$*UTF8*$!
{
	archiveVersion = 1;
	classes = {
	};
	objectVersion = 50;
	objects = {

/* Begin PBXBuildFile section */
		CF54C116224014D4002D9904 /* AppDelegate.swift in Sources */ = {isa = PBXBuildFile; fileRef = CF54C115224014D4002D9904 /* AppDelegate.swift */; };
		CF54C118224014D4002D9904 /* ViewController.swift in Sources */ = {isa = PBXBuildFile; fileRef = CF54C117224014D4002D9904 /* ViewController.swift */; };
		CF54C11B224014D4002D9904 /* Main.storyboard in Resources */ = {isa = PBXBuildFile; fileRef = CF54C119224014D4002D9904 /* Main.storyboard */; };
		CF54C11D224014D6002D9904 /* Assets.xcassets in Resources */ = {isa = PBXBuildFile; fileRef = CF54C11C224014D6002D9904 /* Assets.xcassets */; };
		CF54C120224014D6002D9904 /* LaunchScreen.storyboard in Resources */ = {isa = PBXBuildFile; fileRef = CF54C11E224014D6002D9904 /* LaunchScreen.storyboard */; };
		CF54C12822402537002D9904 /* ImageCollectionViewCell.swift in Sources */ = {isa = PBXBuildFile; fileRef = CF54C12722402537002D9904 /* ImageCollectionViewCell.swift */; };
		CF54C12A2243181C002D9904 /* GridFlowLayout.swift in Sources */ = {isa = PBXBuildFile; fileRef = CF54C1292243181C002D9904 /* GridFlowLayout.swift */; };
		CF54C12C224404EE002D9904 /* MobileNet.mlmodel in Sources */ = {isa = PBXBuildFile; fileRef = CF54C12B224404EE002D9904 /* MobileNet.mlmodel */; };
/* End PBXBuildFile section */

/* Begin PBXFileReference section */
		CF54C112224014D4002D9904 /* PhotoAnalysis.app */ = {isa = PBXFileReference; explicitFileType = wrapper.application; includeInIndex = 0; path = PhotoAnalysis.app; sourceTree = BUILT_PRODUCTS_DIR; };
		CF54C115224014D4002D9904 /* AppDelegate.swift */ = {isa = PBXFileReference; lastKnownFileType = sourcecode.swift; path = AppDelegate.swift; sourceTree = "<group>"; };
		CF54C117224014D4002D9904 /* ViewController.swift */ = {isa = PBXFileReference; lastKnownFileType = sourcecode.swift; path = ViewController.swift; sourceTree = "<group>"; };
		CF54C11A224014D4002D9904 /* Base */ = {isa = PBXFileReference; lastKnownFileType = file.storyboard; name = Base; path = Base.lproj/Main.storyboard; sourceTree = "<group>"; };
		CF54C11C224014D6002D9904 /* Assets.xcassets */ = {isa = PBXFileReference; lastKnownFileType = folder.assetcatalog; path = Assets.xcassets; sourceTree = "<group>"; };
		CF54C11F224014D6002D9904 /* Base */ = {isa = PBXFileReference; lastKnownFileType = file.storyboard; name = Base; path = Base.lproj/LaunchScreen.storyboard; sourceTree = "<group>"; };
		CF54C121224014D6002D9904 /* Info.plist */ = {isa = PBXFileReference; lastKnownFileType = text.plist.xml; path = Info.plist; sourceTree = "<group>"; };
		CF54C12722402537002D9904 /* ImageCollectionViewCell.swift */ = {isa = PBXFileReference; lastKnownFileType = sourcecode.swift; path = ImageCollectionViewCell.swift; sourceTree = "<group>"; };
		CF54C1292243181C002D9904 /* GridFlowLayout.swift */ = {isa = PBXFileReference; lastKnownFileType = sourcecode.swift; path = GridFlowLayout.swift; sourceTree = "<group>"; };
		CF54C12B224404EE002D9904 /* MobileNet.mlmodel */ = {isa = PBXFileReference; lastKnownFileType = file.mlmodel; path = MobileNet.mlmodel; sourceTree = "<group>"; };
/* End PBXFileReference section */

/* Begin PBXFrameworksBuildPhase section */
		CF54C10F224014D4002D9904 /* Frameworks */ = {
			isa = PBXFrameworksBuildPhase;
			buildActionMask = 2147483647;
			files = (
			);
			runOnlyForDeploymentPostprocessing = 0;
		};
/* End PBXFrameworksBuildPhase section */

/* Begin PBXGroup section */
		CF54C109224014D4002D9904 = {
			isa = PBXGroup;
			children = (
				CF54C114224014D4002D9904 /* PhotoAnalysis */,
				CF54C113224014D4002D9904 /* Products */,
			);
			sourceTree = "<group>";
		};
		CF54C113224014D4002D9904 /* Products */ = {
			isa = PBXGroup;
			children = (
				CF54C112224014D4002D9904 /* PhotoAnalysis.app */,
			);
			name = Products;
			sourceTree = "<group>";
		};
		CF54C114224014D4002D9904 /* PhotoAnalysis */ = {
			isa = PBXGroup;
			children = (
				CF54C115224014D4002D9904 /* AppDelegate.swift */,
				CF54C117224014D4002D9904 /* ViewController.swift */,
				CF54C12722402537002D9904 /* ImageCollectionViewCell.swift */,
				CF54C1292243181C002D9904 /* GridFlowLayout.swift */,
				CF54C12B224404EE002D9904 /* MobileNet.mlmodel */,
				CF54C119224014D4002D9904 /* Main.storyboard */,
				CF54C11C224014D6002D9904 /* Assets.xcassets */,
				CF54C11E224014D6002D9904 /* LaunchScreen.storyboard */,
				CF54C121224014D6002D9904 /* Info.plist */,
			);
			path = PhotoAnalysis;
			sourceTree = "<group>";
		};
/* End PBXGroup section */

/* Begin PBXNativeTarget section */
		CF54C111224014D4002D9904 /* PhotoAnalysis */ = {
			isa = PBXNativeTarget;
			buildConfigurationList = CF54C124224014D6002D9904 /* Build configuration list for PBXNativeTarget "PhotoAnalysis" */;
			buildPhases = (
				CF54C10E224014D4002D9904 /* Sources */,
				CF54C10F224014D4002D9904 /* Frameworks */,
				CF54C110224014D4002D9904 /* Resources */,
			);
			buildRules = (
			);
			dependencies = (
			);
			name = PhotoAnalysis;
			productName = PhotoAnalysis;
			productReference = CF54C112224014D4002D9904 /* PhotoAnalysis.app */;
			productType = "com.apple.product-type.application";
		};
/* End PBXNativeTarget section */

/* Begin PBXProject section */
		CF54C10A224014D4002D9904 /* Project object */ = {
			isa = PBXProject;
			attributes = {
				LastSwiftUpdateCheck = 1010;
				LastUpgradeCheck = 1010;
				ORGANIZATIONNAME = "Bernadett Kiss";
				TargetAttributes = {
					CF54C111224014D4002D9904 = {
						CreatedOnToolsVersion = 10.1;
					};
				};
			};
			buildConfigurationList = CF54C10D224014D4002D9904 /* Build configuration list for PBXProject "PhotoAnalysis" */;
			compatibilityVersion = "Xcode 9.3";
			developmentRegion = en;
			hasScannedForEncodings = 0;
			knownRegions = (
				en,
				Base,
			);
			mainGroup = CF54C109224014D4002D9904;
			productRefGroup = CF54C113224014D4002D9904 /* Products */;
			projectDirPath = "";
			projectRoot = "";
			targets = (
				CF54C111224014D4002D9904 /* PhotoAnalysis */,
			);
		};
/* End PBXProject section */

/* Begin PBXResourcesBuildPhase section */
		CF54C110224014D4002D9904 /* Resources */ = {
			isa = PBXResourcesBuildPhase;
			buildActionMask = 2147483647;
			files = (
				CF54C120224014D6002D9904 /* LaunchScreen.storyboard in Resources */,
				CF54C11D224014D6002D9904 /* Assets.xcassets in Resources */,
				CF54C11B224014D4002D9904 /* Main.storyboard in Resources */,
			);
			runOnlyForDeploymentPostprocessing = 0;
		};
/* End PBXResourcesBuildPhase section */

/* Begin PBXSourcesBuildPhase section */
		CF54C10E224014D4002D9904 /* Sources */ = {
			isa = PBXSourcesBuildPhase;
			buildActionMask = 2147483647;
			files = (
				CF54C12822402537002D9904 /* ImageCollectionViewCell.swift in Sources */,
				CF54C12C224404EE002D9904 /* MobileNet.mlmodel in Sources */,
				CF54C118224014D4002D9904 /* ViewController.swift in Sources */,
				CF54C116224014D4002D9904 /* AppDelegate.swift in Sources */,
				CF54C12A2243181C002D9904 /* GridFlowLayout.swift in Sources */,
			);
			runOnlyForDeploymentPostprocessing = 0;
		};
/* End PBXSourcesBuildPhase section */

/* Begin PBXVariantGroup section */
		CF54C119224014D4002D9904 /* Main.storyboard */ = {
			isa = PBXVariantGroup;
			children = (
				CF54C11A224014D4002D9904 /* Base */,
			);
			name = Main.storyboard;
			sourceTree = "<group>";
		};
		CF54C11E224014D6002D9904 /* LaunchScreen.storyboard */ = {
			isa = PBXVariantGroup;
			children = (
				CF54C11F224014D6002D9904 /* Base */,
			);
			name = LaunchScreen.storyboard;
			sourceTree = "<group>";
		};
/* End PBXVariantGroup section */

/* Begin XCBuildConfiguration section */
		CF54C122224014D6002D9904 /* Debug */ = {
			isa = XCBuildConfiguration;
			buildSettings = {
				ALWAYS_SEARCH_USER_PATHS = NO;
				CLANG_ANALYZER_NONNULL = YES;
				CLANG_ANALYZER_NUMBER_OBJECT_CONVERSION = YES_AGGRESSIVE;
				CLANG_CXX_LANGUAGE_STANDARD = "gnu++14";
				CLANG_CXX_LIBRARY = "libc++";
				CLANG_ENABLE_MODULES = YES;
				CLANG_ENABLE_OBJC_ARC = YES;
				CLANG_ENABLE_OBJC_WEAK = YES;
				CLANG_WARN_BLOCK_CAPTURE_AUTORELEASING = YES;
				CLANG_WARN_BOOL_CONVERSION = YES;
				CLANG_WARN_COMMA = YES;
				CLANG_WARN_CONSTANT_CONVERSION = YES;
				CLANG_WARN_DEPRECATED_OBJC_IMPLEMENTATIONS = YES;
				CLANG_WARN_DIRECT_OBJC_ISA_USAGE = YES_ERROR;
				CLANG_WARN_DOCUMENTATION_COMMENTS = YES;
				CLANG_WARN_EMPTY_BODY = YES;
				CLANG_WARN_ENUM_CONVERSION = YES;
				CLANG_WARN_INFINITE_RECURSION = YES;
				CLANG_WARN_INT_CONVERSION = YES;
				CLANG_WARN_NON_LITERAL_NULL_CONVERSION = YES;
				CLANG_WARN_OBJC_IMPLICIT_RETAIN_SELF = YES;
				CLANG_WARN_OBJC_LITERAL_CONVERSION = YES;
				CLANG_WARN_OBJC_ROOT_CLASS = YES_ERROR;
				CLANG_WARN_RANGE_LOOP_ANALYSIS = YES;
				CLANG_WARN_STRICT_PROTOTYPES = YES;
				CLANG_WARN_SUSPICIOUS_MOVE = YES;
				CLANG_WARN_UNGUARDED_AVAILABILITY = YES_AGGRESSIVE;
				CLANG_WARN_UNREACHABLE_CODE = YES;
				CLANG_WARN__DUPLICATE_METHOD_MATCH = YES;
				CODE_SIGN_IDENTITY = "iPhone Developer";
				COPY_PHASE_STRIP = NO;
				DEBUG_INFORMATION_FORMAT = dwarf;
				ENABLE_STRICT_OBJC_MSGSEND = YES;
				ENABLE_TESTABILITY = YES;
				GCC_C_LANGUAGE_STANDARD = gnu11;
				GCC_DYNAMIC_NO_PIC = NO;
				GCC_NO_COMMON_BLOCKS = YES;
				GCC_OPTIMIZATION_LEVEL = 0;
				GCC_PREPROCESSOR_DEFINITIONS = (
					"DEBUG=1",
					"$(inherited)",
				);
				GCC_WARN_64_TO_32_BIT_CONVERSION = YES;
				GCC_WARN_ABOUT_RETURN_TYPE = YES_ERROR;
				GCC_WARN_UNDECLARED_SELECTOR = YES;
				GCC_WARN_UNINITIALIZED_AUTOS = YES_AGGRESSIVE;
				GCC_WARN_UNUSED_FUNCTION = YES;
				GCC_WARN_UNUSED_VARIABLE = YES;
				IPHONEOS_DEPLOYMENT_TARGET = 12.1;
				MTL_ENABLE_DEBUG_INFO = INCLUDE_SOURCE;
				MTL_FAST_MATH = YES;
				ONLY_ACTIVE_ARCH = YES;
				SDKROOT = iphoneos;
				SWIFT_ACTIVE_COMPILATION_CONDITIONS = DEBUG;
				SWIFT_OPTIMIZATION_LEVEL = "-Onone";
			};
			name = Debug;
		};
		CF54C123224014D6002D9904 /* Release */ = {
			isa = XCBuildConfiguration;
			buildSettings = {
				ALWAYS_SEARCH_USER_PATHS = NO;
				CLANG_ANALYZER_NONNULL = YES;
				CLANG_ANALYZER_NUMBER_OBJECT_CONVERSION = YES_AGGRESSIVE;
				CLANG_CXX_LANGUAGE_STANDARD = "gnu++14";
				CLANG_CXX_LIBRARY = "libc++";
				CLANG_ENABLE_MODULES = YES;
				CLANG_ENABLE_OBJC_ARC = YES;
				CLANG_ENABLE_OBJC_WEAK = YES;
				CLANG_WARN_BLOCK_CAPTURE_AUTORELEASING = YES;
				CLANG_WARN_BOOL_CONVERSION = YES;
				CLANG_WARN_COMMA = YES;
				CLANG_WARN_CONSTANT_CONVERSION = YES;
				CLANG_WARN_DEPRECATED_OBJC_IMPLEMENTATIONS = YES;
				CLANG_WARN_DIRECT_OBJC_ISA_USAGE = YES_ERROR;
				CLANG_WARN_DOCUMENTATION_COMMENTS = YES;
				CLANG_WARN_EMPTY_BODY = YES;
				CLANG_WARN_ENUM_CONVERSION = YES;
				CLANG_WARN_INFINITE_RECURSION = YES;
				CLANG_WARN_INT_CONVERSION = YES;
				CLANG_WARN_NON_LITERAL_NULL_CONVERSION = YES;
				CLANG_WARN_OBJC_IMPLICIT_RETAIN_SELF = YES;
				CLANG_WARN_OBJC_LITERAL_CONVERSION = YES;
				CLANG_WARN_OBJC_ROOT_CLASS = YES_ERROR;
				CLANG_WARN_RANGE_LOOP_ANALYSIS = YES;
				CLANG_WARN_STRICT_PROTOTYPES = YES;
				CLANG_WARN_SUSPICIOUS_MOVE = YES;
				CLANG_WARN_UNGUARDED_AVAILABILITY = YES_AGGRESSIVE;
				CLANG_WARN_UNREACHABLE_CODE = YES;
				CLANG_WARN__DUPLICATE_METHOD_MATCH = YES;
				CODE_SIGN_IDENTITY = "iPhone Developer";
				COPY_PHASE_STRIP = NO;
				DEBUG_INFORMATION_FORMAT = "dwarf-with-dsym";
				ENABLE_NS_ASSERTIONS = NO;
				ENABLE_STRICT_OBJC_MSGSEND = YES;
				GCC_C_LANGUAGE_STANDARD = gnu11;
				GCC_NO_COMMON_BLOCKS = YES;
				GCC_WARN_64_TO_32_BIT_CONVERSION = YES;
				GCC_WARN_ABOUT_RETURN_TYPE = YES_ERROR;
				GCC_WARN_UNDECLARED_SELECTOR = YES;
				GCC_WARN_UNINITIALIZED_AUTOS = YES_AGGRESSIVE;
				GCC_WARN_UNUSED_FUNCTION = YES;
				GCC_WARN_UNUSED_VARIABLE = YES;
				IPHONEOS_DEPLOYMENT_TARGET = 12.1;
				MTL_ENABLE_DEBUG_INFO = NO;
				MTL_FAST_MATH = YES;
				SDKROOT = iphoneos;
				SWIFT_COMPILATION_MODE = wholemodule;
				SWIFT_OPTIMIZATION_LEVEL = "-O";
				VALIDATE_PRODUCT = YES;
			};
			name = Release;
		};
		CF54C125224014D6002D9904 /* Debug */ = {
			isa = XCBuildConfiguration;
			buildSettings = {
				ASSETCATALOG_COMPILER_APPICON_NAME = AppIcon;
				CODE_SIGN_STYLE = Automatic;
				DEVELOPMENT_TEAM = 5BWY3VMTWF;
				INFOPLIST_FILE = PhotoAnalysis/Info.plist;
				LD_RUNPATH_SEARCH_PATHS = (
					"$(inherited)",
					"@executable_path/Frameworks",
				);
				PRODUCT_BUNDLE_IDENTIFIER = com.bernadettkiss.PhotoAnalysis;
				PRODUCT_NAME = "$(TARGET_NAME)";
				SWIFT_VERSION = 4.2;
				TARGETED_DEVICE_FAMILY = "1,2";
			};
			name = Debug;
		};
		CF54C126224014D6002D9904 /* Release */ = {
			isa = XCBuildConfiguration;
			buildSettings = {
				ASSETCATALOG_COMPILER_APPICON_NAME = AppIcon;
				CODE_SIGN_STYLE = Automatic;
				DEVELOPMENT_TEAM = 5BWY3VMTWF;
				INFOPLIST_FILE = PhotoAnalysis/Info.plist;
				LD_RUNPATH_SEARCH_PATHS = (
					"$(inherited)",
					"@executable_path/Frameworks",
				);
				PRODUCT_BUNDLE_IDENTIFIER = com.bernadettkiss.PhotoAnalysis;
				PRODUCT_NAME = "$(TARGET_NAME)";
				SWIFT_VERSION = 4.2;
				TARGETED_DEVICE_FAMILY = "1,2";
			};
			name = Release;
		};
/* End XCBuildConfiguration section */

/* Begin XCConfigurationList section */
		CF54C10D224014D4002D9904 /* Build configuration list for PBXProject "PhotoAnalysis" */ = {
			isa = XCConfigurationList;
			buildConfigurations = (
				CF54C122224014D6002D9904 /* Debug */,
				CF54C123224014D6002D9904 /* Release */,
			);
			defaultConfigurationIsVisible = 0;
			defaultConfigurationName = Release;
		};
		CF54C124224014D6002D9904 /* Build configuration list for PBXNativeTarget "PhotoAnalysis" */ = {
			isa = XCConfigurationList;
			buildConfigurations = (
				CF54C125224014D6002D9904 /* Debug */,
				CF54C126224014D6002D9904 /* Release */,
			);
			defaultConfigurationIsVisible = 0;
			defaultConfigurationName = Release;
		};
/* End XCConfigurationList section */
	};
	rootObject = CF54C10A224014D4002D9904 /* Project object */;
}
